
Microsoft Visual Studio Solution File, Format Version 12.00
# Visual Studio Version 17
VisualStudioVersion = 17.6.33815.320
MinimumVisualStudioVersion = 10.0.40219.1
Project("{FAE04EC0-301F-11D3-BF4B-00C04F79EFBC}") = "Api-Coppel", "Api-Coppel\Api-Coppel.csproj", "{C36EA339-26A2-427A-8C1B-CC17C186BC71}"
EndProject
Global
	GlobalSection(SolutionConfigurationPlatforms) = preSolution
		Debug|Any CPU = Debug|Any CPU
		Release|Any CPU = Release|Any CPU
	EndGlobalSection
	GlobalSection(ProjectConfigurationPlatforms) = postSolution
		{C36EA339-26A2-427A-8C1B-CC17C186BC71}.Debug|Any CPU.ActiveCfg = Debug|Any CPU
		{C36EA339-26A2-427A-8C1B-CC17C186BC71}.Debug|Any CPU.Build.0 = Debug|Any CPU
		{C36EA339-26A2-427A-8C1B-CC17C186BC71}.Release|Any CPU.ActiveCfg = Release|Any CPU
		{C36EA339-26A2-427A-8C1B-CC17C186BC71}.Release|Any CPU.Build.0 = Release|Any CPU
	EndGlobalSection
	GlobalSection(SolutionProperties) = preSolution
		HideSolutionNode = FALSE
	EndGlobalSection
	GlobalSection(ExtensibilityGlobals) = postSolution
		SolutionGuid = {600FAAD9-0317-4C86-BDDC-1592E0BEB3E4}
	EndGlobalSection
EndGlobal
